
Microsoft Visual Studio Solution File, Format Version 12.00
# Visual Studio 15
VisualStudioVersion = 15.0.27428.2037
MinimumVisualStudioVersion = 10.0.40219.1
Project("{6EC3EE1D-3C4E-46DD-8F32-0CC8E7565705}") = "FSharpTutorial", "FSharpTutorial\FSharpTutorial.fsproj", "{D27C643F-EBB9-466E-B6B8-035C6D0FC369}"
EndProject
Project("{F2A71F9B-5D33-465A-A702-920D77279786}") = "FSharpTest", "FSharpTest\FSharpTest.fsproj", "{64FCE8B2-CB35-4804-AD6B-A0EA375F1DA2}"
EndProject
Project("{F2A71F9B-5D33-465A-A702-920D77279786}") = "FSharpFSUnit", "FSharpFSUnit\FSharpFSUnit.fsproj", "{9A7680AB-A9D2-4203-BEB3-9D60059CCB4F}"
EndProject
Project("{F2A71F9B-5D33-465A-A702-920D77279786}") = "FSharpMSTest", "FSharpMSTest\FSharpMSTest.fsproj", "{840C5C7D-B2E5-4DE6-845E-B5F3CE97C896}"
EndProject
Project("{F2A71F9B-5D33-465A-A702-920D77279786}") = "FSharpUnQoute", "FSharpUnQoute\FSharpUnQoute.fsproj", "{DAA167F3-3369-45E0-A52F-66BFEC15729A}"
EndProject
Global
	GlobalSection(SolutionConfigurationPlatforms) = preSolution
		Debug|Any CPU = Debug|Any CPU
		Release|Any CPU = Release|Any CPU
	EndGlobalSection
	GlobalSection(ProjectConfigurationPlatforms) = postSolution
		{D27C643F-EBB9-466E-B6B8-035C6D0FC369}.Debug|Any CPU.ActiveCfg = Debug|Any CPU
		{D27C643F-EBB9-466E-B6B8-035C6D0FC369}.Debug|Any CPU.Build.0 = Debug|Any CPU
		{D27C643F-EBB9-466E-B6B8-035C6D0FC369}.Release|Any CPU.ActiveCfg = Release|Any CPU
		{D27C643F-EBB9-466E-B6B8-035C6D0FC369}.Release|Any CPU.Build.0 = Release|Any CPU
		{64FCE8B2-CB35-4804-AD6B-A0EA375F1DA2}.Debug|Any CPU.ActiveCfg = Debug|Any CPU
		{64FCE8B2-CB35-4804-AD6B-A0EA375F1DA2}.Debug|Any CPU.Build.0 = Debug|Any CPU
		{64FCE8B2-CB35-4804-AD6B-A0EA375F1DA2}.Release|Any CPU.ActiveCfg = Release|Any CPU
		{64FCE8B2-CB35-4804-AD6B-A0EA375F1DA2}.Release|Any CPU.Build.0 = Release|Any CPU
		{9A7680AB-A9D2-4203-BEB3-9D60059CCB4F}.Debug|Any CPU.ActiveCfg = Debug|Any CPU
		{9A7680AB-A9D2-4203-BEB3-9D60059CCB4F}.Debug|Any CPU.Build.0 = Debug|Any CPU
		{9A7680AB-A9D2-4203-BEB3-9D60059CCB4F}.Release|Any CPU.ActiveCfg = Release|Any CPU
		{9A7680AB-A9D2-4203-BEB3-9D60059CCB4F}.Release|Any CPU.Build.0 = Release|Any CPU
		{840C5C7D-B2E5-4DE6-845E-B5F3CE97C896}.Debug|Any CPU.ActiveCfg = Debug|Any CPU
		{840C5C7D-B2E5-4DE6-845E-B5F3CE97C896}.Debug|Any CPU.Build.0 = Debug|Any CPU
		{840C5C7D-B2E5-4DE6-845E-B5F3CE97C896}.Release|Any CPU.ActiveCfg = Release|Any CPU
		{840C5C7D-B2E5-4DE6-845E-B5F3CE97C896}.Release|Any CPU.Build.0 = Release|Any CPU
		{DAA167F3-3369-45E0-A52F-66BFEC15729A}.Debug|Any CPU.ActiveCfg = Debug|Any CPU
		{DAA167F3-3369-45E0-A52F-66BFEC15729A}.Debug|Any CPU.Build.0 = Debug|Any CPU
		{DAA167F3-3369-45E0-A52F-66BFEC15729A}.Release|Any CPU.ActiveCfg = Release|Any CPU
		{DAA167F3-3369-45E0-A52F-66BFEC15729A}.Release|Any CPU.Build.0 = Release|Any CPU
	EndGlobalSection
	GlobalSection(SolutionProperties) = preSolution
		HideSolutionNode = FALSE
	EndGlobalSection
	GlobalSection(ExtensibilityGlobals) = postSolution
		SolutionGuid = {CB273546-3B0A-49AC-9178-C8659EB1AEC5}
	EndGlobalSection
EndGlobal
